
Microsoft Visual Studio Solution File, Format Version 12.00
# Visual Studio 15
VisualStudioVersion = 15.0.28307.168
MinimumVisualStudioVersion = 10.0.40219.1
Project("{FAE04EC0-301F-11D3-BF4B-00C04F79EFBC}") = "ProjetoTeste", "ProjetoTeste\ProjetoTeste.csproj", "{A19AC917-C1AA-49D7-A3E2-50C28A1642FA}"
EndProject
Global
	GlobalSection(SolutionConfigurationPlatforms) = preSolution
		Debug|Any CPU = Debug|Any CPU
		Release|Any CPU = Release|Any CPU
	EndGlobalSection
	GlobalSection(ProjectConfigurationPlatforms) = postSolution
		{A19AC917-C1AA-49D7-A3E2-50C28A1642FA}.Debug|Any CPU.ActiveCfg = Debug|Any CPU
		{A19AC917-C1AA-49D7-A3E2-50C28A1642FA}.Debug|Any CPU.Build.0 = Debug|Any CPU
		{A19AC917-C1AA-49D7-A3E2-50C28A1642FA}.Release|Any CPU.ActiveCfg = Release|Any CPU
		{A19AC917-C1AA-49D7-A3E2-50C28A1642FA}.Release|Any CPU.Build.0 = Release|Any CPU
	EndGlobalSection
	GlobalSection(SolutionProperties) = preSolution
		HideSolutionNode = FALSE
	EndGlobalSection
	GlobalSection(ExtensibilityGlobals) = postSolution
		SolutionGuid = {59059F31-86F5-4146-AC78-4900E5E026A7}
	EndGlobalSection
EndGlobal
